{
  "name": "37289",
  "lockfileVersion": 3,
  "requires": true,
  "packages": {
    "": {
      "dependencies": {
        "@galacean/engine": "^1.6.13"
      }
    },
    "node_modules/@galacean/engine": {
      "version": "1.6.13",
      "resolved": "https://registry.npmjs.org/@galacean/engine/-/engine-1.6.13.tgz",
      "integrity": "sha512-5zDZV+VA35Yd7I0PKU91Iw6Q2aeMqLCVligFenqwpWMy6/vC4X5nM5BF8KDEe9BMDZmSunmG46ASCOow/o94Hg==",
      "license": "MIT",
      "dependencies": {
        "@galacean/engine-core": "1.6.13",
        "@galacean/engine-loader": "1.6.13",
        "@galacean/engine-math": "1.6.13",
        "@galacean/engine-rhi-webgl": "1.6.13"
      }
    },
    "node_modules/@galacean/engine-core": {
      "version": "1.6.13",
      "resolved": "https://registry.npmjs.org/@galacean/engine-core/-/engine-core-1.6.13.tgz",
      "integrity": "sha512-ufIQ3UMg+EeifDuCQASjqdWHsYPD3OnCtEX6TZkJ8NoWiQmZ2p4juswArWxAiNNAJbwfRhRsrcDQLEr6lWl+yA==",
      "license": "MIT",
      "dependencies": {
        "@galacean/engine-math": "1.6.13"
      }
    },
    "node_modules/@galacean/engine-loader": {
      "version": "1.6.13",
      "resolved": "https://registry.npmjs.org/@galacean/engine-loader/-/engine-loader-1.6.13.tgz",
      "integrity": "sha512-p3nv3kXF4qqxfBFRwOHvGShkvHjBKBlkzrp+yEGO5Z7OVDrpObbRjDRCdL5EEGv78UUqHap0dXVCPmjr4JLU3A==",
      "license": "MIT",
      "dependencies": {
        "@galacean/engine-core": "1.6.13",
        "@galacean/engine-math": "1.6.13",
        "@galacean/engine-rhi-webgl": "1.6.13"
      }
    },
    "node_modules/@galacean/engine-math": {
      "version": "1.6.13",
      "resolved": "https://registry.npmjs.org/@galacean/engine-math/-/engine-math-1.6.13.tgz",
      "integrity": "sha512-ocliwoWZIS13ZmuOG8q+JaZzXSCutnA1hMrOABkCiJRiqKf6uD39zMgxa9wB8n8DG1SGiREOSUmPlAcEBZJ2Nw==",
      "license": "MIT"
    },
    "node_modules/@galacean/engine-rhi-webgl": {
      "version": "1.6.13",
      "resolved": "https://registry.npmjs.org/@galacean/engine-rhi-webgl/-/engine-rhi-webgl-1.6.13.tgz",
      "integrity": "sha512-BhEv7Zxrmzcf+cPutNFnF20Iiz+6anr5ZD0GyKjXM9/bxUA3IX/fWKqX6L0nPU4rP7RRmnWXWMqHqycSVBhrgA==",
      "license": "MIT",
      "dependencies": {
        "@galacean/engine-core": "1.6.13",
        "@galacean/engine-math": "1.6.13"
      }
    }
  }
}
